
Microsoft Visual Studio Solution File, Format Version 12.00
# Visual Studio Version 17
VisualStudioVersion = 17.10.34707.107
MinimumVisualStudioVersion = 10.0.40219.1
Project("{8BC9CEB8-8B4A-11D0-8D11-00A0C91BC942}") = "dbd-core", "dbd-core\dbd-core.vcxproj", "{255398A8-9B4E-48B9-87B4-247DC98E6A92}"
EndProject
Project("{8BC9CEB8-8B4A-11D0-8D11-00A0C91BC942}") = "Driver", "Driver\Driver.vcxproj", "{3F06D68E-4367-4670-B02C-65E5015111B4}"
EndProject
Global
	GlobalSection(SolutionConfigurationPlatforms) = preSolution
		Debug|ARM64 = Debug|ARM64
		Debug|x64 = Debug|x64
		Debug|x86 = Debug|x86
		Release|ARM64 = Release|ARM64
		Release|x64 = Release|x64
		Release|x86 = Release|x86
	EndGlobalSection
	GlobalSection(ProjectConfigurationPlatforms) = postSolution
		{255398A8-9B4E-48B9-87B4-247DC98E6A92}.Debug|ARM64.ActiveCfg = Debug|x64
		{255398A8-9B4E-48B9-87B4-247DC98E6A92}.Debug|ARM64.Build.0 = Debug|x64
		{255398A8-9B4E-48B9-87B4-247DC98E6A92}.Debug|x64.ActiveCfg = Debug|x64
		{255398A8-9B4E-48B9-87B4-247DC98E6A92}.Debug|x64.Build.0 = Debug|x64
		{255398A8-9B4E-48B9-87B4-247DC98E6A92}.Debug|x86.ActiveCfg = Debug|Win32
		{255398A8-9B4E-48B9-87B4-247DC98E6A92}.Debug|x86.Build.0 = Debug|Win32
		{255398A8-9B4E-48B9-87B4-247DC98E6A92}.Release|ARM64.ActiveCfg = Release|x64
		{255398A8-9B4E-48B9-87B4-247DC98E6A92}.Release|ARM64.Build.0 = Release|x64
		{255398A8-9B4E-48B9-87B4-247DC98E6A92}.Release|x64.ActiveCfg = Release|x64
		{255398A8-9B4E-48B9-87B4-247DC98E6A92}.Release|x64.Build.0 = Release|x64
		{255398A8-9B4E-48B9-87B4-247DC98E6A92}.Release|x86.ActiveCfg = Release|Win32
		{255398A8-9B4E-48B9-87B4-247DC98E6A92}.Release|x86.Build.0 = Release|Win32
		{3F06D68E-4367-4670-B02C-65E5015111B4}.Debug|ARM64.ActiveCfg = Debug|ARM64
		{3F06D68E-4367-4670-B02C-65E5015111B4}.Debug|ARM64.Build.0 = Debug|ARM64
		{3F06D68E-4367-4670-B02C-65E5015111B4}.Debug|ARM64.Deploy.0 = Debug|ARM64
		{3F06D68E-4367-4670-B02C-65E5015111B4}.Debug|x64.ActiveCfg = Debug|x64
		{3F06D68E-4367-4670-B02C-65E5015111B4}.Debug|x64.Build.0 = Debug|x64
		{3F06D68E-4367-4670-B02C-65E5015111B4}.Debug|x64.Deploy.0 = Debug|x64
		{3F06D68E-4367-4670-B02C-65E5015111B4}.Debug|x86.ActiveCfg = Debug|x64
		{3F06D68E-4367-4670-B02C-65E5015111B4}.Debug|x86.Build.0 = Debug|x64
		{3F06D68E-4367-4670-B02C-65E5015111B4}.Debug|x86.Deploy.0 = Debug|x64
		{3F06D68E-4367-4670-B02C-65E5015111B4}.Release|ARM64.ActiveCfg = Release|ARM64
		{3F06D68E-4367-4670-B02C-65E5015111B4}.Release|ARM64.Build.0 = Release|ARM64
		{3F06D68E-4367-4670-B02C-65E5015111B4}.Release|ARM64.Deploy.0 = Release|ARM64
		{3F06D68E-4367-4670-B02C-65E5015111B4}.Release|x64.ActiveCfg = Release|x64
		{3F06D68E-4367-4670-B02C-65E5015111B4}.Release|x64.Build.0 = Release|x64
		{3F06D68E-4367-4670-B02C-65E5015111B4}.Release|x64.Deploy.0 = Release|x64
		{3F06D68E-4367-4670-B02C-65E5015111B4}.Release|x86.ActiveCfg = Release|x64
		{3F06D68E-4367-4670-B02C-65E5015111B4}.Release|x86.Build.0 = Release|x64
		{3F06D68E-4367-4670-B02C-65E5015111B4}.Release|x86.Deploy.0 = Release|x64
	EndGlobalSection
	GlobalSection(SolutionProperties) = preSolution
		HideSolutionNode = FALSE
	EndGlobalSection
	GlobalSection(ExtensibilityGlobals) = postSolution
		SolutionGuid = {A1A63106-C701-4935-A674-33F5293A1651}
	EndGlobalSection
EndGlobal
